
Microsoft Visual Studio Solution File, Format Version 12.00
# Visual Studio Version 17
VisualStudioVersion = 17.7.34031.279
MinimumVisualStudioVersion = 10.0.40219.1
Project("{FAE04EC0-301F-11D3-BF4B-00C04F79EFBC}") = "PWDVault", "PWDVault\PWDVault.csproj", "{306108B4-0FD6-4571-B526-551A74EDA76E}"
EndProject
Global
	GlobalSection(SolutionConfigurationPlatforms) = preSolution
		Debug|Any CPU = Debug|Any CPU
		Release|Any CPU = Release|Any CPU
	EndGlobalSection
	GlobalSection(ProjectConfigurationPlatforms) = postSolution
		{306108B4-0FD6-4571-B526-551A74EDA76E}.Debug|Any CPU.ActiveCfg = Debug|Any CPU
		{306108B4-0FD6-4571-B526-551A74EDA76E}.Debug|Any CPU.Build.0 = Debug|Any CPU
		{306108B4-0FD6-4571-B526-551A74EDA76E}.Release|Any CPU.ActiveCfg = Release|Any CPU
		{306108B4-0FD6-4571-B526-551A74EDA76E}.Release|Any CPU.Build.0 = Release|Any CPU
	EndGlobalSection
	GlobalSection(SolutionProperties) = preSolution
		HideSolutionNode = FALSE
	EndGlobalSection
	GlobalSection(ExtensibilityGlobals) = postSolution
		SolutionGuid = {3DC06DB4-B400-42EA-882E-E7715AA75653}
	EndGlobalSection
EndGlobal
